
Microsoft Visual Studio Solution File, Format Version 12.00
# Visual Studio Version 17
VisualStudioVersion = 17.4.33213.308
MinimumVisualStudioVersion = 10.0.40219.1
Project("{9A19103F-16F7-4668-BE54-9A1E7A4F7556}") = "NLog.AzureLog", "NLog.AzureLog\NLog.AzureLog.csproj", "{381EBFA5-A3C4-46DC-B48C-5A4A669DD004}"
EndProject
Global
	GlobalSection(SolutionConfigurationPlatforms) = preSolution
		Debug|Any CPU = Debug|Any CPU
		Release|Any CPU = Release|Any CPU
	EndGlobalSection
	GlobalSection(ProjectConfigurationPlatforms) = postSolution
		{381EBFA5-A3C4-46DC-B48C-5A4A669DD004}.Debug|Any CPU.ActiveCfg = Debug|Any CPU
		{381EBFA5-A3C4-46DC-B48C-5A4A669DD004}.Debug|Any CPU.Build.0 = Debug|Any CPU
		{381EBFA5-A3C4-46DC-B48C-5A4A669DD004}.Release|Any CPU.ActiveCfg = Release|Any CPU
		{381EBFA5-A3C4-46DC-B48C-5A4A669DD004}.Release|Any CPU.Build.0 = Release|Any CPU
	EndGlobalSection
	GlobalSection(SolutionProperties) = preSolution
		HideSolutionNode = FALSE
	EndGlobalSection
	GlobalSection(ExtensibilityGlobals) = postSolution
		SolutionGuid = {23E92DA8-13DE-4F81-9D37-ACDB183BAB99}
	EndGlobalSection
EndGlobal
